{
  "nodes": {
    "gleam2nix": {
      "inputs": {
        "nixpkgs": [
          "nixpkgs"
        ]
      },
      "locked": {
        "lastModified": 1745001772,
        "narHash": "sha256-jYlKU3UX+0D0vCimayxDU69hYE7yhULwEFZCkImyKkQ=",
        "owner": "mtoohey31",
        "repo": "gleam2nix",
        "rev": "27f701d65f95a7625600b01f76d06c16332249f9",
        "type": "github"
      },
      "original": {
        "owner": "mtoohey31",
        "repo": "gleam2nix",
        "type": "github"
      }
    },
    "nixpkgs": {
      "locked": {
        "lastModified": 1779560665,
        "narHash": "sha256-NpH8iEQ5JHv/BtUuzTEXUMDxPLetCDzIv4OxL8H7Kps=",
        "rev": "64c08a7ca051951c8eae34e3e3cb1e202fe36786",
        "type": "tarball",
        "url": "https://releases.nixos.org/nixos/unstable/nixos-26.05pre1004030.64c08a7ca051/nixexprs.tar.xz"
      },
      "original": {
        "type": "tarball",
        "url": "https://channels.nixos.org/nixos-unstable/nixexprs.tar.xz"
      }
    },
    "root": {
      "inputs": {
        "gleam2nix": "gleam2nix",
        "nixpkgs": "nixpkgs",
        "systems": "systems"
      }
    },
    "systems": {
      "locked": {
        "lastModified": 1681028828,
        "narHash": "sha256-Vy1rq5AaRuLzOxct8nz4T6wlgyUR7zLU309k9mBC768=",
        "owner": "nix-systems",
        "repo": "default",
        "rev": "da67096a3b9bf56a91d16901293e51ba5b49a27e",
        "type": "github"
      },
      "original": {
        "owner": "nix-systems",
        "repo": "default",
        "type": "github"
      }
    }
  },
  "root": "root",
  "version": 7
}
